
Microsoft Visual Studio Solution File, Format Version 12.00
# Visual Studio Version 16
VisualStudioVersion = 16.0.30503.244
MinimumVisualStudioVersion = 10.0.40219.1
Project("{9A19103F-16F7-4668-BE54-9A1E7A4F7556}") = "WebApp ASP Pluralsight", "WebApp ASP Pluralsight\WebApp ASP Pluralsight.csproj", "{0566B038-9B91-492D-9D4B-F84A091AF0D6}"
EndProject
Project("{9A19103F-16F7-4668-BE54-9A1E7A4F7556}") = "WebApp ASP Pluralsight.core", "WebApp ASP Pluralsight.core\WebApp ASP Pluralsight.core.csproj", "{6211E8C1-869F-437F-9259-C91017422788}"
EndProject
Project("{9A19103F-16F7-4668-BE54-9A1E7A4F7556}") = "WebApp ASP Pluralsight.Data", "WebApp ASP Pluralsight.D\WebApp ASP Pluralsight.Data.csproj", "{69CCE41A-464A-4932-85E8-8243FE8875D4}"
EndProject
Global
	GlobalSection(SolutionConfigurationPlatforms) = preSolution
		Debug|Any CPU = Debug|Any CPU
		Release|Any CPU = Release|Any CPU
	EndGlobalSection
	GlobalSection(ProjectConfigurationPlatforms) = postSolution
		{0566B038-9B91-492D-9D4B-F84A091AF0D6}.Debug|Any CPU.ActiveCfg = Debug|Any CPU
		{0566B038-9B91-492D-9D4B-F84A091AF0D6}.Debug|Any CPU.Build.0 = Debug|Any CPU
		{0566B038-9B91-492D-9D4B-F84A091AF0D6}.Release|Any CPU.ActiveCfg = Release|Any CPU
		{0566B038-9B91-492D-9D4B-F84A091AF0D6}.Release|Any CPU.Build.0 = Release|Any CPU
		{6211E8C1-869F-437F-9259-C91017422788}.Debug|Any CPU.ActiveCfg = Debug|Any CPU
		{6211E8C1-869F-437F-9259-C91017422788}.Debug|Any CPU.Build.0 = Debug|Any CPU
		{6211E8C1-869F-437F-9259-C91017422788}.Release|Any CPU.ActiveCfg = Release|Any CPU
		{6211E8C1-869F-437F-9259-C91017422788}.Release|Any CPU.Build.0 = Release|Any CPU
		{69CCE41A-464A-4932-85E8-8243FE8875D4}.Debug|Any CPU.ActiveCfg = Debug|Any CPU
		{69CCE41A-464A-4932-85E8-8243FE8875D4}.Debug|Any CPU.Build.0 = Debug|Any CPU
		{69CCE41A-464A-4932-85E8-8243FE8875D4}.Release|Any CPU.ActiveCfg = Release|Any CPU
		{69CCE41A-464A-4932-85E8-8243FE8875D4}.Release|Any CPU.Build.0 = Release|Any CPU
	EndGlobalSection
	GlobalSection(SolutionProperties) = preSolution
		HideSolutionNode = FALSE
	EndGlobalSection
	GlobalSection(ExtensibilityGlobals) = postSolution
		SolutionGuid = {427502C0-2A29-4B42-B230-0F1A126914DE}
	EndGlobalSection
EndGlobal
